{
  "name": "jsdoc-template",
  "version": "3.2.0",
  "lockfileVersion": 1,
  "requires": true,
  "dependencies": {
    "pluralize": {
      "version": "7.0.0",
      "resolved": "https://registry.npmjs.org/pluralize/-/pluralize-7.0.0.tgz",
      "integrity": "sha512-ARhBOdzS3e41FbkW/XWrTEtukqqLoK5+Z/4UeDaLuSW+39JPeFgs4gCGqsrJHVZX0fUrx//4OF0K1CUGwlIFow==",
      "dev": true
    },
    "taffydb": {
      "version": "2.7.3",
      "resolved": "https://registry.npmjs.org/taffydb/-/taffydb-2.7.3.tgz",
      "integrity": "sha1-KtNxaWKUmPylvIQkMJbTzeDsOjQ=",
      "dev": true
    }
  }
}
